
Microsoft Visual Studio Solution File, Format Version 12.00
# Visual Studio Version 17
VisualStudioVersion = 17.14.36121.58 d17.14
MinimumVisualStudioVersion = 10.0.40219.1
Project("{FAE04EC0-301F-11D3-BF4B-00C04F79EFBC}") = "SurgicalDetector", "SurgicalDetector\SurgicalDetector.csproj", "{F51A22E5-018A-4E37-AA1D-BB4D6D8B9780}"
EndProject
Global
	GlobalSection(SolutionConfigurationPlatforms) = preSolution
		Debug|Any CPU = Debug|Any CPU
		Release|Any CPU = Release|Any CPU
	EndGlobalSection
	GlobalSection(ProjectConfigurationPlatforms) = postSolution
		{F51A22E5-018A-4E37-AA1D-BB4D6D8B9780}.Debug|Any CPU.ActiveCfg = Debug|Any CPU
		{F51A22E5-018A-4E37-AA1D-BB4D6D8B9780}.Debug|Any CPU.Build.0 = Debug|Any CPU
		{F51A22E5-018A-4E37-AA1D-BB4D6D8B9780}.Release|Any CPU.ActiveCfg = Release|Any CPU
		{F51A22E5-018A-4E37-AA1D-BB4D6D8B9780}.Release|Any CPU.Build.0 = Release|Any CPU
	EndGlobalSection
	GlobalSection(SolutionProperties) = preSolution
		HideSolutionNode = FALSE
	EndGlobalSection
	GlobalSection(ExtensibilityGlobals) = postSolution
		SolutionGuid = {F4EE2954-97B8-4720-8C47-1AF69F49B1E5}
	EndGlobalSection
EndGlobal
